
Microsoft Visual Studio Solution File, Format Version 12.00
# Visual Studio 2012
Project("{2150E333-8FDC-42A3-9474-1A3956D46DE8}") = "Server", "Server", "{461507E3-E076-4BC4-87E5-1BD1E6305C38}"
EndProject
Project("{2150E333-8FDC-42A3-9474-1A3956D46DE8}") = "Node", "Node", "{136EF27D-7E61-4279-83A8-9889DF8FDD99}"
EndProject
Project("{2150E333-8FDC-42A3-9474-1A3956D46DE8}") = "WebClientAdmin", "WebClientAdmin", "{117C767F-7F84-4F5A-8DFA-2AB53A0E0B8A}"
EndProject
Project("{2150E333-8FDC-42A3-9474-1A3956D46DE8}") = "BE", "BE", "{7C4172D6-760D-4DA6-A166-D3E3E65FD328}"
EndProject
Project("{2150E333-8FDC-42A3-9474-1A3956D46DE8}") = "BLL", "BLL", "{80D95234-2DA0-4E9F-AA00-BB54F3CA015B}"
EndProject
Project("{2150E333-8FDC-42A3-9474-1A3956D46DE8}") = "DAL", "DAL", "{39B9E101-5E9B-416A-A2CA-B5F7A250DD47}"
EndProject
Project("{2150E333-8FDC-42A3-9474-1A3956D46DE8}") = "UI", "UI", "{6D8B2420-9B26-45CE-9E3D-FE31DC4CD465}"
EndProject
Project("{2150E333-8FDC-42A3-9474-1A3956D46DE8}") = "WinClient", "WinClient", "{7854F951-3AB5-45E6-8AC7-5FD9865706E9}"
EndProject
Project("{2150E333-8FDC-42A3-9474-1A3956D46DE8}") = "BE", "BE", "{97BC77CE-3BAF-4616-9820-A6CDD6BFFD43}"
EndProject
Project("{2150E333-8FDC-42A3-9474-1A3956D46DE8}") = "BLL", "BLL", "{CC4D0133-3322-4AED-84AE-0D363059AF25}"
EndProject
Project("{2150E333-8FDC-42A3-9474-1A3956D46DE8}") = "DAL", "DAL", "{6E9CD3C6-B052-41F4-B222-7151715B0292}"
EndProject
Project("{2150E333-8FDC-42A3-9474-1A3956D46DE8}") = "UI", "UI", "{8FAC4208-1CD5-4C4E-91F2-63BBF46B104A}"
EndProject
Project("{FAE04EC0-301F-11D3-BF4B-00C04F79EFBC}") = "Sigesoft.Node.WinClient.UI", "Node\WinClient\UI\Sigesoft.Node.WinClient.UI.csproj", "{5CF08CBC-3693-460B-873D-7398A48E20A9}"
EndProject
Project("{FAE04EC0-301F-11D3-BF4B-00C04F79EFBC}") = "Sigesoft.Server.WebClientAdmin.BE", "Server\WebClientAdmin\BE\Sigesoft.Server.WebClientAdmin.BE.csproj", "{B78BC42C-F0B2-4842-8C13-8D0DF6DBE65D}"
EndProject
Project("{FAE04EC0-301F-11D3-BF4B-00C04F79EFBC}") = "Sigesoft.Server.WebClientAdmin.BLL", "Server\WebClientAdmin\BLL\Sigesoft.Server.WebClientAdmin.BLL.csproj", "{71FAFE39-BBCB-4A6A-94F2-9E2C77B8CB51}"
EndProject
Project("{FAE04EC0-301F-11D3-BF4B-00C04F79EFBC}") = "Sigesoft.Server.WebClientAdmin.UI", "Server\WebClientAdmin\UI\Sigesoft.Server.WebClientAdmin.UI.csproj", "{8F02DC30-84A1-4962-9E81-0D71575DCF03}"
EndProject
Project("{2150E333-8FDC-42A3-9474-1A3956D46DE8}") = "MSSQL", "MSSQL", "{0116697B-EBBB-4D4A-A5C7-8C3987774BDC}"
EndProject
Project("{2150E333-8FDC-42A3-9474-1A3956D46DE8}") = "MySQL", "MySQL", "{492789C9-1D8D-4820-9AFA-F08F91FD82D2}"
EndProject
Project("{2150E333-8FDC-42A3-9474-1A3956D46DE8}") = "PostgreSQL", "PostgreSQL", "{44574F72-3133-4C6E-92E7-8D7F2A4631CD}"
EndProject
Project("{FAE04EC0-301F-11D3-BF4B-00C04F79EFBC}") = "Sigesoft.Server.WebClientAdmin.DAL.MSSQL", "Server\WebClientAdmin\DAL\MSSQL\Sigesoft.Server.WebClientAdmin.DAL.MSSQL.csproj", "{733B4265-75BB-431F-9B19-1D8A483CBAD8}"
EndProject
Project("{FAE04EC0-301F-11D3-BF4B-00C04F79EFBC}") = "Sigesoft.Server.WebClientAdmin.DAL.MySQL", "Server\WebClientAdmin\DAL\MySQL\Sigesoft.Server.WebClientAdmin.DAL.MySQL.csproj", "{9E9649A3-A2F0-4F44-AA34-5450A68A3EC0}"
EndProject
Project("{FAE04EC0-301F-11D3-BF4B-00C04F79EFBC}") = "Sigesoft.Server.WebClientAdmin.DAL.PostgreSQL", "Server\WebClientAdmin\DAL\PostgreSQL\Sigesoft.Server.WebClientAdmin.DAL.PostgreSQL.csproj", "{2E2E151D-C779-4C13-AF37-65F3BA6B1A98}"
EndProject
Project("{FAE04EC0-301F-11D3-BF4B-00C04F79EFBC}") = "Sigesoft.Node.WinClient.BE", "Node\WinClient\BE\Sigesoft.Node.WinClient.BE.csproj", "{FF8E51F3-510E-4E90-9627-0AD3E9CB8F5C}"
EndProject
Project("{FAE04EC0-301F-11D3-BF4B-00C04F79EFBC}") = "Sigesoft.Node.WinClient.BLL", "Node\WinClient\BLL\Sigesoft.Node.WinClient.BLL.csproj", "{F4650C86-DB62-4FA8-8475-0887031A0C05}"
EndProject
Project("{2150E333-8FDC-42A3-9474-1A3956D46DE8}") = "MySQL", "MySQL", "{FCDA2BFD-EC24-44B8-AD73-595931DF2588}"
EndProject
Project("{2150E333-8FDC-42A3-9474-1A3956D46DE8}") = "MSSQL", "MSSQL", "{52B189EB-F76E-4117-A40E-D1BB356BB0AD}"
EndProject
Project("{2150E333-8FDC-42A3-9474-1A3956D46DE8}") = "PostgreSQL", "PostgreSQL", "{85044A2D-4482-4C1A-945A-7A079E24568E}"
EndProject
Project("{FAE04EC0-301F-11D3-BF4B-00C04F79EFBC}") = "Sigesoft.Node.WinClient.DAL.MSSQL", "Node\WinClient\DAL\MSSQL\Sigesoft.Node.WinClient.DAL.MSSQL.csproj", "{0B732067-FEC9-4DA2-AFD9-6DA773094E3E}"
EndProject
Project("{FAE04EC0-301F-11D3-BF4B-00C04F79EFBC}") = "Sigesoft.Node.WinClient.DAL.MySQL", "Node\WinClient\DAL\MySQL\Sigesoft.Node.WinClient.DAL.MySQL.csproj", "{0C7E1E45-0967-4975-BCB2-A168DB792CB3}"
EndProject
Project("{FAE04EC0-301F-11D3-BF4B-00C04F79EFBC}") = "Sigesoft.Node.WinClient.DAL.PostgreSQL", "Node\WinClient\DAL\PostgreSQL\Sigesoft.Node.WinClient.DAL.PostgreSQL.csproj", "{0F883C9E-D04E-42C8-AE44-AB6285F01C9B}"
EndProject
Project("{2150E333-8FDC-42A3-9474-1A3956D46DE8}") = "Common", "Common", "{6A8FBBFB-4BFE-4B3F-A3EA-EABC9CA38F5C}"
EndProject
Project("{FAE04EC0-301F-11D3-BF4B-00C04F79EFBC}") = "Sigesoft.Common", "Common\Sigesoft.Common.csproj", "{83B4875B-6B20-49F1-891D-B1F379760899}"
EndProject
Project("{2150E333-8FDC-42A3-9474-1A3956D46DE8}") = "WinQueueVisor", "WinQueueVisor", "{6B8E52FE-FE6F-4327-A6FD-1E8ECA5B5653}"
EndProject
Project("{FAE04EC0-301F-11D3-BF4B-00C04F79EFBC}") = "Sigesoft.Node.WinQueueVisor.UI", "Node\WinQueueVisor\Sigesoft.Node.WinQueueVisor.UI\Sigesoft.Node.WinQueueVisor.UI.csproj", "{C3CABD0C-0656-413F-8AFD-F268FB4FEACA}"
EndProject
Project("{FAE04EC0-301F-11D3-BF4B-00C04F79EFBC}") = "Sigesoft.Node.Contasol.Integration", "Sigesoft.Node.Contasol.Integration\Sigesoft.Node.Contasol.Integration.csproj", "{02CD938D-A8D0-4540-B50A-FEC346261CE4}"
EndProject
Project("{2150E333-8FDC-42A3-9474-1A3956D46DE8}") = ".nuget", ".nuget", "{AC3257BC-3984-4B48-B674-145A1D8AD00A}"
	ProjectSection(SolutionItems) = preProject
		.nuget\NuGet.Config = .nuget\NuGet.Config
		.nuget\NuGet.exe = .nuget\NuGet.exe
		.nuget\NuGet.targets = .nuget\NuGet.targets
	EndProjectSection
EndProject
Project("{2150E333-8FDC-42A3-9474-1A3956D46DE8}") = "API", "API", "{B0040FC1-88A5-4566-A3C6-AD479B4D253B}"
EndProject
Project("{FAE04EC0-301F-11D3-BF4B-00C04F79EFBC}") = "Sigesoft.Api", "Sigesoft.Api\Sigesoft.Api.csproj", "{2FFCA4FA-7BC4-41FB-814D-604929746B7D}"
EndProject
Global
	GlobalSection(SolutionConfigurationPlatforms) = preSolution
		Debug|Any CPU = Debug|Any CPU
		Release|Any CPU = Release|Any CPU
	EndGlobalSection
	GlobalSection(ProjectConfigurationPlatforms) = postSolution
		{5CF08CBC-3693-460B-873D-7398A48E20A9}.Debug|Any CPU.ActiveCfg = Debug|Any CPU
		{5CF08CBC-3693-460B-873D-7398A48E20A9}.Debug|Any CPU.Build.0 = Debug|Any CPU
		{5CF08CBC-3693-460B-873D-7398A48E20A9}.Release|Any CPU.ActiveCfg = Release|Any CPU
		{5CF08CBC-3693-460B-873D-7398A48E20A9}.Release|Any CPU.Build.0 = Release|Any CPU
		{B78BC42C-F0B2-4842-8C13-8D0DF6DBE65D}.Debug|Any CPU.ActiveCfg = Debug|Any CPU
		{B78BC42C-F0B2-4842-8C13-8D0DF6DBE65D}.Debug|Any CPU.Build.0 = Debug|Any CPU
		{B78BC42C-F0B2-4842-8C13-8D0DF6DBE65D}.Release|Any CPU.ActiveCfg = Release|Any CPU
		{B78BC42C-F0B2-4842-8C13-8D0DF6DBE65D}.Release|Any CPU.Build.0 = Release|Any CPU
		{71FAFE39-BBCB-4A6A-94F2-9E2C77B8CB51}.Debug|Any CPU.ActiveCfg = Debug|Any CPU
		{71FAFE39-BBCB-4A6A-94F2-9E2C77B8CB51}.Debug|Any CPU.Build.0 = Debug|Any CPU
		{71FAFE39-BBCB-4A6A-94F2-9E2C77B8CB51}.Release|Any CPU.ActiveCfg = Release|Any CPU
		{71FAFE39-BBCB-4A6A-94F2-9E2C77B8CB51}.Release|Any CPU.Build.0 = Release|Any CPU
		{8F02DC30-84A1-4962-9E81-0D71575DCF03}.Debug|Any CPU.ActiveCfg = Debug|Any CPU
		{8F02DC30-84A1-4962-9E81-0D71575DCF03}.Debug|Any CPU.Build.0 = Debug|Any CPU
		{8F02DC30-84A1-4962-9E81-0D71575DCF03}.Release|Any CPU.ActiveCfg = Release|Any CPU
		{8F02DC30-84A1-4962-9E81-0D71575DCF03}.Release|Any CPU.Build.0 = Release|Any CPU
		{733B4265-75BB-431F-9B19-1D8A483CBAD8}.Debug|Any CPU.ActiveCfg = Debug|Any CPU
		{733B4265-75BB-431F-9B19-1D8A483CBAD8}.Debug|Any CPU.Build.0 = Debug|Any CPU
		{733B4265-75BB-431F-9B19-1D8A483CBAD8}.Release|Any CPU.ActiveCfg = Release|Any CPU
		{733B4265-75BB-431F-9B19-1D8A483CBAD8}.Release|Any CPU.Build.0 = Release|Any CPU
		{9E9649A3-A2F0-4F44-AA34-5450A68A3EC0}.Debug|Any CPU.ActiveCfg = Debug|Any CPU
		{9E9649A3-A2F0-4F44-AA34-5450A68A3EC0}.Debug|Any CPU.Build.0 = Debug|Any CPU
		{9E9649A3-A2F0-4F44-AA34-5450A68A3EC0}.Release|Any CPU.ActiveCfg = Release|Any CPU
		{9E9649A3-A2F0-4F44-AA34-5450A68A3EC0}.Release|Any CPU.Build.0 = Release|Any CPU
		{2E2E151D-C779-4C13-AF37-65F3BA6B1A98}.Debug|Any CPU.ActiveCfg = Debug|Any CPU
		{2E2E151D-C779-4C13-AF37-65F3BA6B1A98}.Debug|Any CPU.Build.0 = Debug|Any CPU
		{2E2E151D-C779-4C13-AF37-65F3BA6B1A98}.Release|Any CPU.ActiveCfg = Release|Any CPU
		{2E2E151D-C779-4C13-AF37-65F3BA6B1A98}.Release|Any CPU.Build.0 = Release|Any CPU
		{FF8E51F3-510E-4E90-9627-0AD3E9CB8F5C}.Debug|Any CPU.ActiveCfg = Debug|Any CPU
		{FF8E51F3-510E-4E90-9627-0AD3E9CB8F5C}.Debug|Any CPU.Build.0 = Debug|Any CPU
		{FF8E51F3-510E-4E90-9627-0AD3E9CB8F5C}.Release|Any CPU.ActiveCfg = Release|Any CPU
		{FF8E51F3-510E-4E90-9627-0AD3E9CB8F5C}.Release|Any CPU.Build.0 = Release|Any CPU
		{F4650C86-DB62-4FA8-8475-0887031A0C05}.Debug|Any CPU.ActiveCfg = Debug|Any CPU
		{F4650C86-DB62-4FA8-8475-0887031A0C05}.Debug|Any CPU.Build.0 = Debug|Any CPU
		{F4650C86-DB62-4FA8-8475-0887031A0C05}.Release|Any CPU.ActiveCfg = Release|Any CPU
		{F4650C86-DB62-4FA8-8475-0887031A0C05}.Release|Any CPU.Build.0 = Release|Any CPU
		{0B732067-FEC9-4DA2-AFD9-6DA773094E3E}.Debug|Any CPU.ActiveCfg = Debug|Any CPU
		{0B732067-FEC9-4DA2-AFD9-6DA773094E3E}.Debug|Any CPU.Build.0 = Debug|Any CPU
		{0B732067-FEC9-4DA2-AFD9-6DA773094E3E}.Release|Any CPU.ActiveCfg = Release|Any CPU
		{0B732067-FEC9-4DA2-AFD9-6DA773094E3E}.Release|Any CPU.Build.0 = Release|Any CPU
		{0C7E1E45-0967-4975-BCB2-A168DB792CB3}.Debug|Any CPU.ActiveCfg = Debug|Any CPU
		{0C7E1E45-0967-4975-BCB2-A168DB792CB3}.Debug|Any CPU.Build.0 = Debug|Any CPU
		{0C7E1E45-0967-4975-BCB2-A168DB792CB3}.Release|Any CPU.ActiveCfg = Release|Any CPU
		{0C7E1E45-0967-4975-BCB2-A168DB792CB3}.Release|Any CPU.Build.0 = Release|Any CPU
		{0F883C9E-D04E-42C8-AE44-AB6285F01C9B}.Debug|Any CPU.ActiveCfg = Debug|Any CPU
		{0F883C9E-D04E-42C8-AE44-AB6285F01C9B}.Debug|Any CPU.Build.0 = Debug|Any CPU
		{0F883C9E-D04E-42C8-AE44-AB6285F01C9B}.Release|Any CPU.ActiveCfg = Release|Any CPU
		{0F883C9E-D04E-42C8-AE44-AB6285F01C9B}.Release|Any CPU.Build.0 = Release|Any CPU
		{83B4875B-6B20-49F1-891D-B1F379760899}.Debug|Any CPU.ActiveCfg = Debug|Any CPU
		{83B4875B-6B20-49F1-891D-B1F379760899}.Debug|Any CPU.Build.0 = Debug|Any CPU
		{83B4875B-6B20-49F1-891D-B1F379760899}.Release|Any CPU.ActiveCfg = Release|Any CPU
		{83B4875B-6B20-49F1-891D-B1F379760899}.Release|Any CPU.Build.0 = Release|Any CPU
		{C3CABD0C-0656-413F-8AFD-F268FB4FEACA}.Debug|Any CPU.ActiveCfg = Debug|Any CPU
		{C3CABD0C-0656-413F-8AFD-F268FB4FEACA}.Debug|Any CPU.Build.0 = Debug|Any CPU
		{C3CABD0C-0656-413F-8AFD-F268FB4FEACA}.Release|Any CPU.ActiveCfg = Release|Any CPU
		{C3CABD0C-0656-413F-8AFD-F268FB4FEACA}.Release|Any CPU.Build.0 = Release|Any CPU
		{02CD938D-A8D0-4540-B50A-FEC346261CE4}.Debug|Any CPU.ActiveCfg = Debug|Any CPU
		{02CD938D-A8D0-4540-B50A-FEC346261CE4}.Debug|Any CPU.Build.0 = Debug|Any CPU
		{02CD938D-A8D0-4540-B50A-FEC346261CE4}.Release|Any CPU.ActiveCfg = Release|Any CPU
		{02CD938D-A8D0-4540-B50A-FEC346261CE4}.Release|Any CPU.Build.0 = Release|Any CPU
		{2FFCA4FA-7BC4-41FB-814D-604929746B7D}.Debug|Any CPU.ActiveCfg = Debug|Any CPU
		{2FFCA4FA-7BC4-41FB-814D-604929746B7D}.Debug|Any CPU.Build.0 = Debug|Any CPU
		{2FFCA4FA-7BC4-41FB-814D-604929746B7D}.Debug|Any CPU.Deploy.0 = Debug|Any CPU
		{2FFCA4FA-7BC4-41FB-814D-604929746B7D}.Release|Any CPU.ActiveCfg = Release|Any CPU
		{2FFCA4FA-7BC4-41FB-814D-604929746B7D}.Release|Any CPU.Build.0 = Release|Any CPU
	EndGlobalSection
	GlobalSection(SolutionProperties) = preSolution
		HideSolutionNode = FALSE
	EndGlobalSection
	GlobalSection(NestedProjects) = preSolution
		{117C767F-7F84-4F5A-8DFA-2AB53A0E0B8A} = {461507E3-E076-4BC4-87E5-1BD1E6305C38}
		{7854F951-3AB5-45E6-8AC7-5FD9865706E9} = {136EF27D-7E61-4279-83A8-9889DF8FDD99}
		{6B8E52FE-FE6F-4327-A6FD-1E8ECA5B5653} = {136EF27D-7E61-4279-83A8-9889DF8FDD99}
		{7C4172D6-760D-4DA6-A166-D3E3E65FD328} = {117C767F-7F84-4F5A-8DFA-2AB53A0E0B8A}
		{80D95234-2DA0-4E9F-AA00-BB54F3CA015B} = {117C767F-7F84-4F5A-8DFA-2AB53A0E0B8A}
		{39B9E101-5E9B-416A-A2CA-B5F7A250DD47} = {117C767F-7F84-4F5A-8DFA-2AB53A0E0B8A}
		{6D8B2420-9B26-45CE-9E3D-FE31DC4CD465} = {117C767F-7F84-4F5A-8DFA-2AB53A0E0B8A}
		{B78BC42C-F0B2-4842-8C13-8D0DF6DBE65D} = {7C4172D6-760D-4DA6-A166-D3E3E65FD328}
		{71FAFE39-BBCB-4A6A-94F2-9E2C77B8CB51} = {80D95234-2DA0-4E9F-AA00-BB54F3CA015B}
		{0116697B-EBBB-4D4A-A5C7-8C3987774BDC} = {39B9E101-5E9B-416A-A2CA-B5F7A250DD47}
		{492789C9-1D8D-4820-9AFA-F08F91FD82D2} = {39B9E101-5E9B-416A-A2CA-B5F7A250DD47}
		{44574F72-3133-4C6E-92E7-8D7F2A4631CD} = {39B9E101-5E9B-416A-A2CA-B5F7A250DD47}
		{8F02DC30-84A1-4962-9E81-0D71575DCF03} = {6D8B2420-9B26-45CE-9E3D-FE31DC4CD465}
		{97BC77CE-3BAF-4616-9820-A6CDD6BFFD43} = {7854F951-3AB5-45E6-8AC7-5FD9865706E9}
		{CC4D0133-3322-4AED-84AE-0D363059AF25} = {7854F951-3AB5-45E6-8AC7-5FD9865706E9}
		{6E9CD3C6-B052-41F4-B222-7151715B0292} = {7854F951-3AB5-45E6-8AC7-5FD9865706E9}
		{8FAC4208-1CD5-4C4E-91F2-63BBF46B104A} = {7854F951-3AB5-45E6-8AC7-5FD9865706E9}
		{B0040FC1-88A5-4566-A3C6-AD479B4D253B} = {7854F951-3AB5-45E6-8AC7-5FD9865706E9}
		{FF8E51F3-510E-4E90-9627-0AD3E9CB8F5C} = {97BC77CE-3BAF-4616-9820-A6CDD6BFFD43}
		{F4650C86-DB62-4FA8-8475-0887031A0C05} = {CC4D0133-3322-4AED-84AE-0D363059AF25}
		{FCDA2BFD-EC24-44B8-AD73-595931DF2588} = {6E9CD3C6-B052-41F4-B222-7151715B0292}
		{52B189EB-F76E-4117-A40E-D1BB356BB0AD} = {6E9CD3C6-B052-41F4-B222-7151715B0292}
		{85044A2D-4482-4C1A-945A-7A079E24568E} = {6E9CD3C6-B052-41F4-B222-7151715B0292}
		{5CF08CBC-3693-460B-873D-7398A48E20A9} = {8FAC4208-1CD5-4C4E-91F2-63BBF46B104A}
		{02CD938D-A8D0-4540-B50A-FEC346261CE4} = {8FAC4208-1CD5-4C4E-91F2-63BBF46B104A}
		{733B4265-75BB-431F-9B19-1D8A483CBAD8} = {0116697B-EBBB-4D4A-A5C7-8C3987774BDC}
		{9E9649A3-A2F0-4F44-AA34-5450A68A3EC0} = {492789C9-1D8D-4820-9AFA-F08F91FD82D2}
		{2E2E151D-C779-4C13-AF37-65F3BA6B1A98} = {44574F72-3133-4C6E-92E7-8D7F2A4631CD}
		{0C7E1E45-0967-4975-BCB2-A168DB792CB3} = {FCDA2BFD-EC24-44B8-AD73-595931DF2588}
		{0B732067-FEC9-4DA2-AFD9-6DA773094E3E} = {52B189EB-F76E-4117-A40E-D1BB356BB0AD}
		{0F883C9E-D04E-42C8-AE44-AB6285F01C9B} = {85044A2D-4482-4C1A-945A-7A079E24568E}
		{83B4875B-6B20-49F1-891D-B1F379760899} = {6A8FBBFB-4BFE-4B3F-A3EA-EABC9CA38F5C}
		{C3CABD0C-0656-413F-8AFD-F268FB4FEACA} = {6B8E52FE-FE6F-4327-A6FD-1E8ECA5B5653}
		{2FFCA4FA-7BC4-41FB-814D-604929746B7D} = {B0040FC1-88A5-4566-A3C6-AD479B4D253B}
	EndGlobalSection
	GlobalSection(SubversionScc) = preSolution
		Svn-Managed = True
		Manager = AnkhSVN - Subversion Support for Visual Studio
	EndGlobalSection
EndGlobal
